
Microsoft Visual Studio Solution File, Format Version 12.00
Project("{FAE04EC0-301F-11D3-BF4B-00C04F79EFBC}") = "SCPChat", "SCPChat.csproj", "{071513DF-3A2F-4F64-8423-908F6E2D6BBD}"
EndProject
Global
	GlobalSection(SolutionConfigurationPlatforms) = preSolution
		Debug|Any CPU = Debug|Any CPU
		Release|Any CPU = Release|Any CPU
	EndGlobalSection
	GlobalSection(ProjectConfigurationPlatforms) = postSolution
		{071513DF-3A2F-4F64-8423-908F6E2D6BBD}.Debug|Any CPU.ActiveCfg = Debug|Any CPU
		{071513DF-3A2F-4F64-8423-908F6E2D6BBD}.Debug|Any CPU.Build.0 = Debug|Any CPU
		{071513DF-3A2F-4F64-8423-908F6E2D6BBD}.Release|Any CPU.ActiveCfg = Release|Any CPU
		{071513DF-3A2F-4F64-8423-908F6E2D6BBD}.Release|Any CPU.Build.0 = Release|Any CPU
	EndGlobalSection
EndGlobal
